# THIS IS AN AUTOGENERATED FILE. DO NOT EDIT THIS FILE DIRECTLY.
# yarn lockfile v1


jquery-ui-dist@^1.12.1:
  version "1.12.1"
  resolved "https://registry.yarnpkg.com/jquery-ui-dist/-/jquery-ui-dist-1.12.1.tgz#5c0815d3cc6f90ff5faaf5b268a6e23b4ca904fa"

jquery@^3.2.1:
  version "3.2.1"
  resolved "https://registry.yarnpkg.com/jquery/-/jquery-3.2.1.tgz#5c4d9de652af6cd0a770154a631bba12b015c787"

vue@^2.2.6:
  version "2.2.6"
  resolved "https://registry.yarnpkg.com/vue/-/vue-2.2.6.tgz#451714b394dd6d4eae7b773c40c2034a59621aed"
